// !$*UTF8*$!
{
	archiveVersion = 1;
	classes = {
	};
	objectVersion = 46;
	objects = {

/* Begin PBXBuildFile section */
		290B200AA693B833593CC65B /* Pods_Ventio.framework in Frameworks */ = {isa = PBXBuildFile; fileRef = 8FAEDCDB4E8316B10192AC55 /* Pods_Ventio.framework */; };
		8D1349321E8EC7AE006DEC19 /* AppDelegate.swift in Sources */ = {isa = PBXBuildFile; fileRef = 8D1349311E8EC7AE006DEC19 /* AppDelegate.swift */; };
		8D1349371E8EC7AE006DEC19 /* Main.storyboard in Resources */ = {isa = PBXBuildFile; fileRef = 8D1349351E8EC7AE006DEC19 /* Main.storyboard */; };
		8D13493A1E8EC7AE006DEC19 /* Ventio.xcdatamodeld in Sources */ = {isa = PBXBuildFile; fileRef = 8D1349381E8EC7AE006DEC19 /* Ventio.xcdatamodeld */; };
		8D13493C1E8EC7AE006DEC19 /* Assets.xcassets in Resources */ = {isa = PBXBuildFile; fileRef = 8D13493B1E8EC7AE006DEC19 /* Assets.xcassets */; };
		8D13493F1E8EC7AE006DEC19 /* LaunchScreen.storyboard in Resources */ = {isa = PBXBuildFile; fileRef = 8D13493D1E8EC7AE006DEC19 /* LaunchScreen.storyboard */; };
		8DEFB43D1E8FE58100863CD7 /* AccountViewController.swift in Sources */ = {isa = PBXBuildFile; fileRef = 8DEFB43C1E8FE58100863CD7 /* AccountViewController.swift */; };
		8DEFB43F1E8FE60F00863CD7 /* Requester.swift in Sources */ = {isa = PBXBuildFile; fileRef = 8DEFB43E1E8FE60F00863CD7 /* Requester.swift */; };
		8DEFB4411E8FE62300863CD7 /* RequesterProtocol.swift in Sources */ = {isa = PBXBuildFile; fileRef = 8DEFB4401E8FE62300863CD7 /* RequesterProtocol.swift */; };
		8DEFB4431E8FE66500863CD7 /* UserData.swift in Sources */ = {isa = PBXBuildFile; fileRef = 8DEFB4421E8FE66500863CD7 /* UserData.swift */; };
		8DEFB4451E8FE67300863CD7 /* UserDataProtocol.swift in Sources */ = {isa = PBXBuildFile; fileRef = 8DEFB4441E8FE67300863CD7 /* UserDataProtocol.swift */; };
		8DEFB4471E8FE69C00863CD7 /* API.swift in Sources */ = {isa = PBXBuildFile; fileRef = 8DEFB4461E8FE69C00863CD7 /* API.swift */; };
		8DEFB4491E8FE6DA00863CD7 /* SwinjectSetup.swift in Sources */ = {isa = PBXBuildFile; fileRef = 8DEFB4481E8FE6DA00863CD7 /* SwinjectSetup.swift */; };
		8DEFB44B1E8FE6EE00863CD7 /* StringCount.swift in Sources */ = {isa = PBXBuildFile; fileRef = 8DEFB44A1E8FE6EE00863CD7 /* StringCount.swift */; };
		8DEFB44D1E8FE71000863CD7 /* UIViewControllerLoading.swift in Sources */ = {isa = PBXBuildFile; fileRef = 8DEFB44C1E8FE71000863CD7 /* UIViewControllerLoading.swift */; };
		8DEFB44F1E8FE73200863CD7 /* Response.swift in Sources */ = {isa = PBXBuildFile; fileRef = 8DEFB44E1E8FE73200863CD7 /* Response.swift */; };
		8DEFB4511E8FE73C00863CD7 /* ResponseProtocol.swift in Sources */ = {isa = PBXBuildFile; fileRef = 8DEFB4501E8FE73C00863CD7 /* ResponseProtocol.swift */; };
		8DEFB4531E8FE76100863CD7 /* ResponseFactory.swift in Sources */ = {isa = PBXBuildFile; fileRef = 8DEFB4521E8FE76100863CD7 /* ResponseFactory.swift */; };
		8DEFB4551E8FE78300863CD7 /* ResponseFactoryProtocol.swift in Sources */ = {isa = PBXBuildFile; fileRef = 8DEFB4541E8FE78300863CD7 /* ResponseFactoryProtocol.swift */; };
/* End PBXBuildFile section */

/* Begin PBXFileReference section */
		46568C526372146A0EA2B9F9 /* Pods-Ventio.debug.xcconfig */ = {isa = PBXFileReference; includeInIndex = 1; lastKnownFileType = text.xcconfig; name = "Pods-Ventio.debug.xcconfig"; path = "Pods/Target Support Files/Pods-Ventio/Pods-Ventio.debug.xcconfig"; sourceTree = "<group>"; };
		7C8B1D45DA9C40E90DC3EFE0 /* Pods-Ventio.release.xcconfig */ = {isa = PBXFileReference; includeInIndex = 1; lastKnownFileType = text.xcconfig; name = "Pods-Ventio.release.xcconfig"; path = "Pods/Target Support Files/Pods-Ventio/Pods-Ventio.release.xcconfig"; sourceTree = "<group>"; };
		8D13492E1E8EC7AE006DEC19 /* Ventio.app */ = {isa = PBXFileReference; explicitFileType = wrapper.application; includeInIndex = 0; path = Ventio.app; sourceTree = BUILT_PRODUCTS_DIR; };
		8D1349311E8EC7AE006DEC19 /* AppDelegate.swift */ = {isa = PBXFileReference; lastKnownFileType = sourcecode.swift; path = AppDelegate.swift; sourceTree = "<group>"; };
		8D1349361E8EC7AE006DEC19 /* Base */ = {isa = PBXFileReference; lastKnownFileType = file.storyboard; name = Base; path = Base.lproj/Main.storyboard; sourceTree = "<group>"; };
		8D1349391E8EC7AE006DEC19 /* Ventio.xcdatamodel */ = {isa = PBXFileReference; lastKnownFileType = wrapper.xcdatamodel; path = Ventio.xcdatamodel; sourceTree = "<group>"; };
		8D13493B1E8EC7AE006DEC19 /* Assets.xcassets */ = {isa = PBXFileReference; lastKnownFileType = folder.assetcatalog; path = Assets.xcassets; sourceTree = "<group>"; };
		8D13493E1E8EC7AE006DEC19 /* Base */ = {isa = PBXFileReference; lastKnownFileType = file.storyboard; name = Base; path = Base.lproj/LaunchScreen.storyboard; sourceTree = "<group>"; };
		8D1349401E8EC7AE006DEC19 /* Info.plist */ = {isa = PBXFileReference; lastKnownFileType = text.plist.xml; path = Info.plist; sourceTree = "<group>"; };
		8DEFB43C1E8FE58100863CD7 /* AccountViewController.swift */ = {isa = PBXFileReference; fileEncoding = 4; lastKnownFileType = sourcecode.swift; path = AccountViewController.swift; sourceTree = "<group>"; };
		8DEFB43E1E8FE60F00863CD7 /* Requester.swift */ = {isa = PBXFileReference; fileEncoding = 4; lastKnownFileType = sourcecode.swift; path = Requester.swift; sourceTree = "<group>"; };
		8DEFB4401E8FE62300863CD7 /* RequesterProtocol.swift */ = {isa = PBXFileReference; fileEncoding = 4; lastKnownFileType = sourcecode.swift; path = RequesterProtocol.swift; sourceTree = "<group>"; };
		8DEFB4421E8FE66500863CD7 /* UserData.swift */ = {isa = PBXFileReference; fileEncoding = 4; lastKnownFileType = sourcecode.swift; path = UserData.swift; sourceTree = "<group>"; };
		8DEFB4441E8FE67300863CD7 /* UserDataProtocol.swift */ = {isa = PBXFileReference; fileEncoding = 4; lastKnownFileType = sourcecode.swift; path = UserDataProtocol.swift; sourceTree = "<group>"; };
		8DEFB4461E8FE69C00863CD7 /* API.swift */ = {isa = PBXFileReference; fileEncoding = 4; lastKnownFileType = sourcecode.swift; path = API.swift; sourceTree = "<group>"; };
		8DEFB4481E8FE6DA00863CD7 /* SwinjectSetup.swift */ = {isa = PBXFileReference; fileEncoding = 4; lastKnownFileType = sourcecode.swift; path = SwinjectSetup.swift; sourceTree = "<group>"; };
		8DEFB44A1E8FE6EE00863CD7 /* StringCount.swift */ = {isa = PBXFileReference; fileEncoding = 4; lastKnownFileType = sourcecode.swift; path = StringCount.swift; sourceTree = "<group>"; };
		8DEFB44C1E8FE71000863CD7 /* UIViewControllerLoading.swift */ = {isa = PBXFileReference; fileEncoding = 4; lastKnownFileType = sourcecode.swift; path = UIViewControllerLoading.swift; sourceTree = "<group>"; };
		8DEFB44E1E8FE73200863CD7 /* Response.swift */ = {isa = PBXFileReference; fileEncoding = 4; lastKnownFileType = sourcecode.swift; path = Response.swift; sourceTree = "<group>"; };
		8DEFB4501E8FE73C00863CD7 /* ResponseProtocol.swift */ = {isa = PBXFileReference; fileEncoding = 4; lastKnownFileType = sourcecode.swift; path = ResponseProtocol.swift; sourceTree = "<group>"; };
		8DEFB4521E8FE76100863CD7 /* ResponseFactory.swift */ = {isa = PBXFileReference; fileEncoding = 4; lastKnownFileType = sourcecode.swift; path = ResponseFactory.swift; sourceTree = "<group>"; };
		8DEFB4541E8FE78300863CD7 /* ResponseFactoryProtocol.swift */ = {isa = PBXFileReference; fileEncoding = 4; lastKnownFileType = sourcecode.swift; path = ResponseFactoryProtocol.swift; sourceTree = "<group>"; };
		8FAEDCDB4E8316B10192AC55 /* Pods_Ventio.framework */ = {isa = PBXFileReference; explicitFileType = wrapper.framework; includeInIndex = 0; path = Pods_Ventio.framework; sourceTree = BUILT_PRODUCTS_DIR; };
/* End PBXFileReference section */

/* Begin PBXFrameworksBuildPhase section */
		8D13492B1E8EC7AE006DEC19 /* Frameworks */ = {
			isa = PBXFrameworksBuildPhase;
			buildActionMask = 2147483647;
			files = (
				290B200AA693B833593CC65B /* Pods_Ventio.framework in Frameworks */,
			);
			runOnlyForDeploymentPostprocessing = 0;
		};
/* End PBXFrameworksBuildPhase section */

/* Begin PBXGroup section */
		7C0E25E3AC88B9E6CD3AF5E7 /* Frameworks */ = {
			isa = PBXGroup;
			children = (
				8FAEDCDB4E8316B10192AC55 /* Pods_Ventio.framework */,
			);
			name = Frameworks;
			sourceTree = "<group>";
		};
		8D1349251E8EC7AE006DEC19 = {
			isa = PBXGroup;
			children = (
				8D1349301E8EC7AE006DEC19 /* Ventio */,
				8D13492F1E8EC7AE006DEC19 /* Products */,
				D0DFE4BD67603E67206FA11C /* Pods */,
				7C0E25E3AC88B9E6CD3AF5E7 /* Frameworks */,
			);
			sourceTree = "<group>";
		};
		8D13492F1E8EC7AE006DEC19 /* Products */ = {
			isa = PBXGroup;
			children = (
				8D13492E1E8EC7AE006DEC19 /* Ventio.app */,
			);
			name = Products;
			sourceTree = "<group>";
		};
		8D1349301E8EC7AE006DEC19 /* Ventio */ = {
			isa = PBXGroup;
			children = (
				8DEFB43A1E8FE54B00863CD7 /* Models */,
				8DEFB4391E8FE54800863CD7 /* Extensions */,
				8DEFB4381E8FE54400863CD7 /* Config */,
				8DEFB4371E8FE54100863CD7 /* Data */,
				8DEFB4361E8FE53C00863CD7 /* Services */,
				8DEFB4351E8FE53500863CD7 /* Controllers */,
				8D1349311E8EC7AE006DEC19 /* AppDelegate.swift */,
				8D1349351E8EC7AE006DEC19 /* Main.storyboard */,
				8D13493B1E8EC7AE006DEC19 /* Assets.xcassets */,
				8D13493D1E8EC7AE006DEC19 /* LaunchScreen.storyboard */,
				8D1349401E8EC7AE006DEC19 /* Info.plist */,
				8D1349381E8EC7AE006DEC19 /* Ventio.xcdatamodeld */,
			);
			path = Ventio;
			sourceTree = "<group>";
		};
		8DEFB4351E8FE53500863CD7 /* Controllers */ = {
			isa = PBXGroup;
			children = (
				8DEFB43C1E8FE58100863CD7 /* AccountViewController.swift */,
			);
			path = Controllers;
			sourceTree = "<group>";
		};
		8DEFB4361E8FE53C00863CD7 /* Services */ = {
			isa = PBXGroup;
			children = (
				8DEFB43E1E8FE60F00863CD7 /* Requester.swift */,
				8DEFB4401E8FE62300863CD7 /* RequesterProtocol.swift */,
			);
			path = Services;
			sourceTree = "<group>";
		};
		8DEFB4371E8FE54100863CD7 /* Data */ = {
			isa = PBXGroup;
			children = (
				8DEFB4421E8FE66500863CD7 /* UserData.swift */,
				8DEFB4441E8FE67300863CD7 /* UserDataProtocol.swift */,
			);
			path = Data;
			sourceTree = "<group>";
		};
		8DEFB4381E8FE54400863CD7 /* Config */ = {
			isa = PBXGroup;
			children = (
				8DEFB4461E8FE69C00863CD7 /* API.swift */,
			);
			path = Config;
			sourceTree = "<group>";
		};
		8DEFB4391E8FE54800863CD7 /* Extensions */ = {
			isa = PBXGroup;
			children = (
				8DEFB4481E8FE6DA00863CD7 /* SwinjectSetup.swift */,
				8DEFB44A1E8FE6EE00863CD7 /* StringCount.swift */,
				8DEFB44C1E8FE71000863CD7 /* UIViewControllerLoading.swift */,
			);
			path = Extensions;
			sourceTree = "<group>";
		};
		8DEFB43A1E8FE54B00863CD7 /* Models */ = {
			isa = PBXGroup;
			children = (
				8DEFB43B1E8FE56000863CD7 /* Factories */,
				8DEFB44E1E8FE73200863CD7 /* Response.swift */,
				8DEFB4501E8FE73C00863CD7 /* ResponseProtocol.swift */,
			);
			path = Models;
			sourceTree = "<group>";
		};
		8DEFB43B1E8FE56000863CD7 /* Factories */ = {
			isa = PBXGroup;
			children = (
				8DEFB4521E8FE76100863CD7 /* ResponseFactory.swift */,
				8DEFB4541E8FE78300863CD7 /* ResponseFactoryProtocol.swift */,
			);
			path = Factories;
			sourceTree = "<group>";
		};
		D0DFE4BD67603E67206FA11C /* Pods */ = {
			isa = PBXGroup;
			children = (
				46568C526372146A0EA2B9F9 /* Pods-Ventio.debug.xcconfig */,
				7C8B1D45DA9C40E90DC3EFE0 /* Pods-Ventio.release.xcconfig */,
			);
			name = Pods;
			sourceTree = "<group>";
		};
/* End PBXGroup section */

/* Begin PBXNativeTarget section */
		8D13492D1E8EC7AE006DEC19 /* Ventio */ = {
			isa = PBXNativeTarget;
			buildConfigurationList = 8D1349431E8EC7AE006DEC19 /* Build configuration list for PBXNativeTarget "Ventio" */;
			buildPhases = (
				25A323E3CF342743C2F632D6 /* [CP] Check Pods Manifest.lock */,
				8D13492A1E8EC7AE006DEC19 /* Sources */,
				8D13492B1E8EC7AE006DEC19 /* Frameworks */,
				8D13492C1E8EC7AE006DEC19 /* Resources */,
				F3B9D750B52F9A65193F9C87 /* [CP] Embed Pods Frameworks */,
				472CFA5A4DC3E57C6F45477E /* [CP] Copy Pods Resources */,
			);
			buildRules = (
			);
			dependencies = (
			);
			name = Ventio;
			productName = Ventio;
			productReference = 8D13492E1E8EC7AE006DEC19 /* Ventio.app */;
			productType = "com.apple.product-type.application";
		};
/* End PBXNativeTarget section */

/* Begin PBXProject section */
		8D1349261E8EC7AE006DEC19 /* Project object */ = {
			isa = PBXProject;
			attributes = {
				LastSwiftUpdateCheck = 0830;
				LastUpgradeCheck = 0830;
				ORGANIZATIONNAME = "Georgi Karaboichev";
				TargetAttributes = {
					8D13492D1E8EC7AE006DEC19 = {
						CreatedOnToolsVersion = 8.3;
						ProvisioningStyle = Automatic;
					};
				};
			};
			buildConfigurationList = 8D1349291E8EC7AE006DEC19 /* Build configuration list for PBXProject "Ventio" */;
			compatibilityVersion = "Xcode 3.2";
			developmentRegion = English;
			hasScannedForEncodings = 0;
			knownRegions = (
				en,
				Base,
			);
			mainGroup = 8D1349251E8EC7AE006DEC19;
			productRefGroup = 8D13492F1E8EC7AE006DEC19 /* Products */;
			projectDirPath = "";
			projectRoot = "";
			targets = (
				8D13492D1E8EC7AE006DEC19 /* Ventio */,
			);
		};
/* End PBXProject section */

/* Begin PBXResourcesBuildPhase section */
		8D13492C1E8EC7AE006DEC19 /* Resources */ = {
			isa = PBXResourcesBuildPhase;
			buildActionMask = 2147483647;
			files = (
				8D13493F1E8EC7AE006DEC19 /* LaunchScreen.storyboard in Resources */,
				8D13493C1E8EC7AE006DEC19 /* Assets.xcassets in Resources */,
				8D1349371E8EC7AE006DEC19 /* Main.storyboard in Resources */,
			);
			runOnlyForDeploymentPostprocessing = 0;
		};
/* End PBXResourcesBuildPhase section */

/* Begin PBXShellScriptBuildPhase section */
		25A323E3CF342743C2F632D6 /* [CP] Check Pods Manifest.lock */ = {
			isa = PBXShellScriptBuildPhase;
			buildActionMask = 2147483647;
			files = (
			);
			inputPaths = (
			);
			name = "[CP] Check Pods Manifest.lock";
			outputPaths = (
			);
			runOnlyForDeploymentPostprocessing = 0;
			shellPath = /bin/sh;
			shellScript = "diff \"${PODS_ROOT}/../Podfile.lock\" \"${PODS_ROOT}/Manifest.lock\" > /dev/null\nif [ $? != 0 ] ; then\n    # print error to STDERR\n    echo \"error: The sandbox is not in sync with the Podfile.lock. Run 'pod install' or update your CocoaPods installation.\" >&2\n    exit 1\nfi\n";
			showEnvVarsInLog = 0;
		};
		472CFA5A4DC3E57C6F45477E /* [CP] Copy Pods Resources */ = {
			isa = PBXShellScriptBuildPhase;
			buildActionMask = 2147483647;
			files = (
			);
			inputPaths = (
			);
			name = "[CP] Copy Pods Resources";
			outputPaths = (
			);
			runOnlyForDeploymentPostprocessing = 0;
			shellPath = /bin/sh;
			shellScript = "\"${SRCROOT}/Pods/Target Support Files/Pods-Ventio/Pods-Ventio-resources.sh\"\n";
			showEnvVarsInLog = 0;
		};
		F3B9D750B52F9A65193F9C87 /* [CP] Embed Pods Frameworks */ = {
			isa = PBXShellScriptBuildPhase;
			buildActionMask = 2147483647;
			files = (
			);
			inputPaths = (
			);
			name = "[CP] Embed Pods Frameworks";
			outputPaths = (
			);
			runOnlyForDeploymentPostprocessing = 0;
			shellPath = /bin/sh;
			shellScript = "\"${SRCROOT}/Pods/Target Support Files/Pods-Ventio/Pods-Ventio-frameworks.sh\"\n";
			showEnvVarsInLog = 0;
		};
/* End PBXShellScriptBuildPhase section */

/* Begin PBXSourcesBuildPhase section */
		8D13492A1E8EC7AE006DEC19 /* Sources */ = {
			isa = PBXSourcesBuildPhase;
			buildActionMask = 2147483647;
			files = (
				8DEFB4431E8FE66500863CD7 /* UserData.swift in Sources */,
				8D13493A1E8EC7AE006DEC19 /* Ventio.xcdatamodeld in Sources */,
				8D1349321E8EC7AE006DEC19 /* AppDelegate.swift in Sources */,
				8DEFB43F1E8FE60F00863CD7 /* Requester.swift in Sources */,
				8DEFB44F1E8FE73200863CD7 /* Response.swift in Sources */,
				8DEFB4551E8FE78300863CD7 /* ResponseFactoryProtocol.swift in Sources */,
				8DEFB44B1E8FE6EE00863CD7 /* StringCount.swift in Sources */,
				8DEFB4451E8FE67300863CD7 /* UserDataProtocol.swift in Sources */,
				8DEFB4491E8FE6DA00863CD7 /* SwinjectSetup.swift in Sources */,
				8DEFB4411E8FE62300863CD7 /* RequesterProtocol.swift in Sources */,
				8DEFB4471E8FE69C00863CD7 /* API.swift in Sources */,
				8DEFB44D1E8FE71000863CD7 /* UIViewControllerLoading.swift in Sources */,
				8DEFB4511E8FE73C00863CD7 /* ResponseProtocol.swift in Sources */,
				8DEFB43D1E8FE58100863CD7 /* AccountViewController.swift in Sources */,
				8DEFB4531E8FE76100863CD7 /* ResponseFactory.swift in Sources */,
			);
			runOnlyForDeploymentPostprocessing = 0;
		};
/* End PBXSourcesBuildPhase section */

/* Begin PBXVariantGroup section */
		8D1349351E8EC7AE006DEC19 /* Main.storyboard */ = {
			isa = PBXVariantGroup;
			children = (
				8D1349361E8EC7AE006DEC19 /* Base */,
			);
			name = Main.storyboard;
			sourceTree = "<group>";
		};
		8D13493D1E8EC7AE006DEC19 /* LaunchScreen.storyboard */ = {
			isa = PBXVariantGroup;
			children = (
				8D13493E1E8EC7AE006DEC19 /* Base */,
			);
			name = LaunchScreen.storyboard;
			sourceTree = "<group>";
		};
/* End PBXVariantGroup section */

/* Begin XCBuildConfiguration section */
		8D1349411E8EC7AE006DEC19 /* Debug */ = {
			isa = XCBuildConfiguration;
			buildSettings = {
				ALWAYS_SEARCH_USER_PATHS = NO;
				CLANG_ANALYZER_NONNULL = YES;
				CLANG_ANALYZER_NUMBER_OBJECT_CONVERSION = YES_AGGRESSIVE;
				CLANG_CXX_LANGUAGE_STANDARD = "gnu++0x";
				CLANG_CXX_LIBRARY = "libc++";
				CLANG_ENABLE_MODULES = YES;
				CLANG_ENABLE_OBJC_ARC = YES;
				CLANG_WARN_BOOL_CONVERSION = YES;
				CLANG_WARN_CONSTANT_CONVERSION = YES;
				CLANG_WARN_DIRECT_OBJC_ISA_USAGE = YES_ERROR;
				CLANG_WARN_DOCUMENTATION_COMMENTS = YES;
				CLANG_WARN_EMPTY_BODY = YES;
				CLANG_WARN_ENUM_CONVERSION = YES;
				CLANG_WARN_INFINITE_RECURSION = YES;
				CLANG_WARN_INT_CONVERSION = YES;
				CLANG_WARN_OBJC_ROOT_CLASS = YES_ERROR;
				CLANG_WARN_SUSPICIOUS_MOVE = YES;
				CLANG_WARN_UNREACHABLE_CODE = YES;
				CLANG_WARN__DUPLICATE_METHOD_MATCH = YES;
				"CODE_SIGN_IDENTITY[sdk=iphoneos*]" = "iPhone Developer";
				COPY_PHASE_STRIP = NO;
				DEBUG_INFORMATION_FORMAT = dwarf;
				ENABLE_STRICT_OBJC_MSGSEND = YES;
				ENABLE_TESTABILITY = YES;
				GCC_C_LANGUAGE_STANDARD = gnu99;
				GCC_DYNAMIC_NO_PIC = NO;
				GCC_NO_COMMON_BLOCKS = YES;
				GCC_OPTIMIZATION_LEVEL = 0;
				GCC_PREPROCESSOR_DEFINITIONS = (
					"DEBUG=1",
					"$(inherited)",
				);
				GCC_WARN_64_TO_32_BIT_CONVERSION = YES;
				GCC_WARN_ABOUT_RETURN_TYPE = YES_ERROR;
				GCC_WARN_UNDECLARED_SELECTOR = YES;
				GCC_WARN_UNINITIALIZED_AUTOS = YES_AGGRESSIVE;
				GCC_WARN_UNUSED_FUNCTION = YES;
				GCC_WARN_UNUSED_VARIABLE = YES;
				IPHONEOS_DEPLOYMENT_TARGET = 10.3;
				MTL_ENABLE_DEBUG_INFO = YES;
				ONLY_ACTIVE_ARCH = YES;
				SDKROOT = iphoneos;
				SWIFT_ACTIVE_COMPILATION_CONDITIONS = DEBUG;
				SWIFT_OPTIMIZATION_LEVEL = "-Onone";
				TARGETED_DEVICE_FAMILY = "1,2";
			};
			name = Debug;
		};
		8D1349421E8EC7AE006DEC19 /* Release */ = {
			isa = XCBuildConfiguration;
			buildSettings = {
				ALWAYS_SEARCH_USER_PATHS = NO;
				CLANG_ANALYZER_NONNULL = YES;
				CLANG_ANALYZER_NUMBER_OBJECT_CONVERSION = YES_AGGRESSIVE;
				CLANG_CXX_LANGUAGE_STANDARD = "gnu++0x";
				CLANG_CXX_LIBRARY = "libc++";
				CLANG_ENABLE_MODULES = YES;
				CLANG_ENABLE_OBJC_ARC = YES;
				CLANG_WARN_BOOL_CONVERSION = YES;
				CLANG_WARN_CONSTANT_CONVERSION = YES;
				CLANG_WARN_DIRECT_OBJC_ISA_USAGE = YES_ERROR;
				CLANG_WARN_DOCUMENTATION_COMMENTS = YES;
				CLANG_WARN_EMPTY_BODY = YES;
				CLANG_WARN_ENUM_CONVERSION = YES;
				CLANG_WARN_INFINITE_RECURSION = YES;
				CLANG_WARN_INT_CONVERSION = YES;
				CLANG_WARN_OBJC_ROOT_CLASS = YES_ERROR;
				CLANG_WARN_SUSPICIOUS_MOVE = YES;
				CLANG_WARN_UNREACHABLE_CODE = YES;
				CLANG_WARN__DUPLICATE_METHOD_MATCH = YES;
				"CODE_SIGN_IDENTITY[sdk=iphoneos*]" = "iPhone Developer";
				COPY_PHASE_STRIP = NO;
				DEBUG_INFORMATION_FORMAT = "dwarf-with-dsym";
				ENABLE_NS_ASSERTIONS = NO;
				ENABLE_STRICT_OBJC_MSGSEND = YES;
				GCC_C_LANGUAGE_STANDARD = gnu99;
				GCC_NO_COMMON_BLOCKS = YES;
				GCC_WARN_64_TO_32_BIT_CONVERSION = YES;
				GCC_WARN_ABOUT_RETURN_TYPE = YES_ERROR;
				GCC_WARN_UNDECLARED_SELECTOR = YES;
				GCC_WARN_UNINITIALIZED_AUTOS = YES_AGGRESSIVE;
				GCC_WARN_UNUSED_FUNCTION = YES;
				GCC_WARN_UNUSED_VARIABLE = YES;
				IPHONEOS_DEPLOYMENT_TARGET = 10.3;
				MTL_ENABLE_DEBUG_INFO = NO;
				SDKROOT = iphoneos;
				SWIFT_OPTIMIZATION_LEVEL = "-Owholemodule";
				TARGETED_DEVICE_FAMILY = "1,2";
				VALIDATE_PRODUCT = YES;
			};
			name = Release;
		};
		8D1349441E8EC7AE006DEC19 /* Debug */ = {
			isa = XCBuildConfiguration;
			baseConfigurationReference = 46568C526372146A0EA2B9F9 /* Pods-Ventio.debug.xcconfig */;
			buildSettings = {
				ASSETCATALOG_COMPILER_APPICON_NAME = AppIcon;
				INFOPLIST_FILE = Ventio/Info.plist;
				LD_RUNPATH_SEARCH_PATHS = "$(inherited) @executable_path/Frameworks";
				PRODUCT_BUNDLE_IDENTIFIER = GK.Ventio;
				PRODUCT_NAME = "$(TARGET_NAME)";
				SWIFT_VERSION = 3.0;
			};
			name = Debug;
		};
		8D1349451E8EC7AE006DEC19 /* Release */ = {
			isa = XCBuildConfiguration;
			baseConfigurationReference = 7C8B1D45DA9C40E90DC3EFE0 /* Pods-Ventio.release.xcconfig */;
			buildSettings = {
				ASSETCATALOG_COMPILER_APPICON_NAME = AppIcon;
				INFOPLIST_FILE = Ventio/Info.plist;
				LD_RUNPATH_SEARCH_PATHS = "$(inherited) @executable_path/Frameworks";
				PRODUCT_BUNDLE_IDENTIFIER = GK.Ventio;
				PRODUCT_NAME = "$(TARGET_NAME)";
				SWIFT_VERSION = 3.0;
			};
			name = Release;
		};
/* End XCBuildConfiguration section */

/* Begin XCConfigurationList section */
		8D1349291E8EC7AE006DEC19 /* Build configuration list for PBXProject "Ventio" */ = {
			isa = XCConfigurationList;
			buildConfigurations = (
				8D1349411E8EC7AE006DEC19 /* Debug */,
				8D1349421E8EC7AE006DEC19 /* Release */,
			);
			defaultConfigurationIsVisible = 0;
			defaultConfigurationName = Release;
		};
		8D1349431E8EC7AE006DEC19 /* Build configuration list for PBXNativeTarget "Ventio" */ = {
			isa = XCConfigurationList;
			buildConfigurations = (
				8D1349441E8EC7AE006DEC19 /* Debug */,
				8D1349451E8EC7AE006DEC19 /* Release */,
			);
			defaultConfigurationIsVisible = 0;
			defaultConfigurationName = Release;
		};
/* End XCConfigurationList section */

/* Begin XCVersionGroup section */
		8D1349381E8EC7AE006DEC19 /* Ventio.xcdatamodeld */ = {
			isa = XCVersionGroup;
			children = (
				8D1349391E8EC7AE006DEC19 /* Ventio.xcdatamodel */,
			);
			currentVersion = 8D1349391E8EC7AE006DEC19 /* Ventio.xcdatamodel */;
			path = Ventio.xcdatamodeld;
			sourceTree = "<group>";
			versionGroupType = wrapper.xcdatamodel;
		};
/* End XCVersionGroup section */
	};
	rootObject = 8D1349261E8EC7AE006DEC19 /* Project object */;
}
